
Microsoft Visual Studio Solution File, Format Version 12.00
# Visual Studio Version 17
VisualStudioVersion = 17.1.32210.238
MinimumVisualStudioVersion = 10.0.40219.1
Project("{9A19103F-16F7-4668-BE54-9A1E7A4F7556}") = "CleanArchitecture.Infrastructure", "CleanArchitecture.Data\CleanArchitecture.Infrastructure.csproj", "{DD2B0C78-CD51-4A33-95F9-DD7DB6767522}"
EndProject
Project("{9A19103F-16F7-4668-BE54-9A1E7A4F7556}") = "CleanArchitecture.Domain", "CleanArchitecture.Domain\CleanArchitecture.Domain.csproj", "{07260F37-6E2C-4154-887B-B5D919B7A31E}"
EndProject
Project("{2150E333-8FDC-42A3-9474-1A3956D46DE8}") = "src", "src", "{56CD2BC1-4D3A-45A9-BEB8-01C446F67427}"
EndProject
Project("{2150E333-8FDC-42A3-9474-1A3956D46DE8}") = "doc", "doc", "{E1C796C0-2DED-4365-AF6B-4A65C6305895}"
EndProject
Project("{2150E333-8FDC-42A3-9474-1A3956D46DE8}") = "test", "test", "{91D82B53-C0F7-4C0D-BB77-44F4DB58E331}"
EndProject
Project("{2150E333-8FDC-42A3-9474-1A3956D46DE8}") = "API", "API", "{75840D1B-FAD7-4A06-8756-3D20A68E338E}"
EndProject
Project("{2150E333-8FDC-42A3-9474-1A3956D46DE8}") = "Core", "Core", "{F46B0F74-E412-495F-BBAE-4D61DEA925F1}"
EndProject
Project("{2150E333-8FDC-42A3-9474-1A3956D46DE8}") = "Infrastructure", "Infrastructure", "{0B717F62-1A85-4BB6-B4BE-1C766B838074}"
EndProject
Project("{9A19103F-16F7-4668-BE54-9A1E7A4F7556}") = "CleanArchitecture.API", "CleanArchitecture.API\CleanArchitecture.API.csproj", "{A40B6043-3DF0-4851-9981-FFCD318181A7}"
EndProject
Project("{9A19103F-16F7-4668-BE54-9A1E7A4F7556}") = "CleanArchitecture.Application", "CleanArchitecture.Application\CleanArchitecture.Application.csproj", "{4D236FCC-5890-4E63-924C-D682EAB41ADA}"
EndProject
Project("{FAE04EC0-301F-11D3-BF4B-00C04F79EFBC}") = "CleanArchitecture.Identity", "CleanArchitecture.Identity\CleanArchitecture.Identity.csproj", "{882C91B9-FE14-4667-972B-D0FD8559F2CC}"
EndProject
Global
	GlobalSection(SolutionConfigurationPlatforms) = preSolution
		Debug|Any CPU = Debug|Any CPU
		Release|Any CPU = Release|Any CPU
	EndGlobalSection
	GlobalSection(ProjectConfigurationPlatforms) = postSolution
		{DD2B0C78-CD51-4A33-95F9-DD7DB6767522}.Debug|Any CPU.ActiveCfg = Debug|Any CPU
		{DD2B0C78-CD51-4A33-95F9-DD7DB6767522}.Debug|Any CPU.Build.0 = Debug|Any CPU
		{DD2B0C78-CD51-4A33-95F9-DD7DB6767522}.Release|Any CPU.ActiveCfg = Release|Any CPU
		{DD2B0C78-CD51-4A33-95F9-DD7DB6767522}.Release|Any CPU.Build.0 = Release|Any CPU
		{07260F37-6E2C-4154-887B-B5D919B7A31E}.Debug|Any CPU.ActiveCfg = Debug|Any CPU
		{07260F37-6E2C-4154-887B-B5D919B7A31E}.Debug|Any CPU.Build.0 = Debug|Any CPU
		{07260F37-6E2C-4154-887B-B5D919B7A31E}.Release|Any CPU.ActiveCfg = Release|Any CPU
		{07260F37-6E2C-4154-887B-B5D919B7A31E}.Release|Any CPU.Build.0 = Release|Any CPU
		{A40B6043-3DF0-4851-9981-FFCD318181A7}.Debug|Any CPU.ActiveCfg = Debug|Any CPU
		{A40B6043-3DF0-4851-9981-FFCD318181A7}.Debug|Any CPU.Build.0 = Debug|Any CPU
		{A40B6043-3DF0-4851-9981-FFCD318181A7}.Release|Any CPU.ActiveCfg = Release|Any CPU
		{A40B6043-3DF0-4851-9981-FFCD318181A7}.Release|Any CPU.Build.0 = Release|Any CPU
		{4D236FCC-5890-4E63-924C-D682EAB41ADA}.Debug|Any CPU.ActiveCfg = Debug|Any CPU
		{4D236FCC-5890-4E63-924C-D682EAB41ADA}.Debug|Any CPU.Build.0 = Debug|Any CPU
		{4D236FCC-5890-4E63-924C-D682EAB41ADA}.Release|Any CPU.ActiveCfg = Release|Any CPU
		{4D236FCC-5890-4E63-924C-D682EAB41ADA}.Release|Any CPU.Build.0 = Release|Any CPU
		{882C91B9-FE14-4667-972B-D0FD8559F2CC}.Debug|Any CPU.ActiveCfg = Debug|Any CPU
		{882C91B9-FE14-4667-972B-D0FD8559F2CC}.Debug|Any CPU.Build.0 = Debug|Any CPU
		{882C91B9-FE14-4667-972B-D0FD8559F2CC}.Release|Any CPU.ActiveCfg = Release|Any CPU
		{882C91B9-FE14-4667-972B-D0FD8559F2CC}.Release|Any CPU.Build.0 = Release|Any CPU
	EndGlobalSection
	GlobalSection(SolutionProperties) = preSolution
		HideSolutionNode = FALSE
	EndGlobalSection
	GlobalSection(NestedProjects) = preSolution
		{DD2B0C78-CD51-4A33-95F9-DD7DB6767522} = {0B717F62-1A85-4BB6-B4BE-1C766B838074}
		{07260F37-6E2C-4154-887B-B5D919B7A31E} = {F46B0F74-E412-495F-BBAE-4D61DEA925F1}
		{75840D1B-FAD7-4A06-8756-3D20A68E338E} = {56CD2BC1-4D3A-45A9-BEB8-01C446F67427}
		{F46B0F74-E412-495F-BBAE-4D61DEA925F1} = {56CD2BC1-4D3A-45A9-BEB8-01C446F67427}
		{0B717F62-1A85-4BB6-B4BE-1C766B838074} = {56CD2BC1-4D3A-45A9-BEB8-01C446F67427}
		{A40B6043-3DF0-4851-9981-FFCD318181A7} = {75840D1B-FAD7-4A06-8756-3D20A68E338E}
		{4D236FCC-5890-4E63-924C-D682EAB41ADA} = {F46B0F74-E412-495F-BBAE-4D61DEA925F1}
		{882C91B9-FE14-4667-972B-D0FD8559F2CC} = {0B717F62-1A85-4BB6-B4BE-1C766B838074}
	EndGlobalSection
	GlobalSection(ExtensibilityGlobals) = postSolution
		SolutionGuid = {F1FB8800-CE98-465B-A0F3-158F337D2D19}
	EndGlobalSection
EndGlobal
